
Microsoft Visual Studio Solution File, Format Version 12.00
# Visual Studio Version 17
VisualStudioVersion = 17.14.36121.58 d17.14
MinimumVisualStudioVersion = 10.0.40219.1
Project("{FAE04EC0-301F-11D3-BF4B-00C04F79EFBC}") = "task01", "task01\task01.csproj", "{998B5E62-3BD7-41D6-864E-C73D7A26CC0A}"
EndProject
Project("{FAE04EC0-301F-11D3-BF4B-00C04F79EFBC}") = "task01tests", "task01tests\task01tests.csproj", "{39C10A7F-2701-41BA-8542-0F12FCCF2D59}"
EndProject
Project("{FAE04EC0-301F-11D3-BF4B-00C04F79EFBC}") = "task13", "task13\task13.csproj", "{6FA9485F-91FC-4C57-B70D-DA088ADC050A}"
EndProject
Project("{FAE04EC0-301F-11D3-BF4B-00C04F79EFBC}") = "task13tests", "task13tests\task13tests.csproj", "{9A7AD23B-0694-4185-9C4F-4FEC859A26C5}"
EndProject
Project("{FAE04EC0-301F-11D3-BF4B-00C04F79EFBC}") = "ConsoleApp", "ConsoleApp\ConsoleApp.csproj", "{C763C1CA-4944-4B67-ABB2-80407D09DE79}"
EndProject
Global
	GlobalSection(SolutionConfigurationPlatforms) = preSolution
		Debug|Any CPU = Debug|Any CPU
		Release|Any CPU = Release|Any CPU
	EndGlobalSection
	GlobalSection(ProjectConfigurationPlatforms) = postSolution
		{998B5E62-3BD7-41D6-864E-C73D7A26CC0A}.Debug|Any CPU.ActiveCfg = Debug|Any CPU
		{998B5E62-3BD7-41D6-864E-C73D7A26CC0A}.Debug|Any CPU.Build.0 = Debug|Any CPU
		{998B5E62-3BD7-41D6-864E-C73D7A26CC0A}.Release|Any CPU.ActiveCfg = Release|Any CPU
		{998B5E62-3BD7-41D6-864E-C73D7A26CC0A}.Release|Any CPU.Build.0 = Release|Any CPU
		{39C10A7F-2701-41BA-8542-0F12FCCF2D59}.Debug|Any CPU.ActiveCfg = Debug|Any CPU
		{39C10A7F-2701-41BA-8542-0F12FCCF2D59}.Debug|Any CPU.Build.0 = Debug|Any CPU
		{39C10A7F-2701-41BA-8542-0F12FCCF2D59}.Release|Any CPU.ActiveCfg = Release|Any CPU
		{39C10A7F-2701-41BA-8542-0F12FCCF2D59}.Release|Any CPU.Build.0 = Release|Any CPU
		{6FA9485F-91FC-4C57-B70D-DA088ADC050A}.Debug|Any CPU.ActiveCfg = Debug|Any CPU
		{6FA9485F-91FC-4C57-B70D-DA088ADC050A}.Debug|Any CPU.Build.0 = Debug|Any CPU
		{6FA9485F-91FC-4C57-B70D-DA088ADC050A}.Release|Any CPU.ActiveCfg = Release|Any CPU
		{6FA9485F-91FC-4C57-B70D-DA088ADC050A}.Release|Any CPU.Build.0 = Release|Any CPU
		{9A7AD23B-0694-4185-9C4F-4FEC859A26C5}.Debug|Any CPU.ActiveCfg = Debug|Any CPU
		{9A7AD23B-0694-4185-9C4F-4FEC859A26C5}.Debug|Any CPU.Build.0 = Debug|Any CPU
		{9A7AD23B-0694-4185-9C4F-4FEC859A26C5}.Release|Any CPU.ActiveCfg = Release|Any CPU
		{9A7AD23B-0694-4185-9C4F-4FEC859A26C5}.Release|Any CPU.Build.0 = Release|Any CPU
		{C763C1CA-4944-4B67-ABB2-80407D09DE79}.Debug|Any CPU.ActiveCfg = Debug|Any CPU
		{C763C1CA-4944-4B67-ABB2-80407D09DE79}.Debug|Any CPU.Build.0 = Debug|Any CPU
		{C763C1CA-4944-4B67-ABB2-80407D09DE79}.Release|Any CPU.ActiveCfg = Release|Any CPU
		{C763C1CA-4944-4B67-ABB2-80407D09DE79}.Release|Any CPU.Build.0 = Release|Any CPU
	EndGlobalSection
	GlobalSection(SolutionProperties) = preSolution
		HideSolutionNode = FALSE
	EndGlobalSection
	GlobalSection(ExtensibilityGlobals) = postSolution
		SolutionGuid = {725C86D8-996D-423E-A2AC-A9E0BE15DE4E}
	EndGlobalSection
EndGlobal
