
Microsoft Visual Studio Solution File, Format Version 12.00
# Visual Studio Version 17
VisualStudioVersion = 17.14.36121.58 d17.14
MinimumVisualStudioVersion = 10.0.40219.1
Project("{FAE04EC0-301F-11D3-BF4B-00C04F79EFBC}") = "task01", "task01\task01.csproj", "{998B5E62-3BD7-41D6-864E-C73D7A26CC0A}"
EndProject
Project("{FAE04EC0-301F-11D3-BF4B-00C04F79EFBC}") = "task01tests", "task01tests\task01tests.csproj", "{39C10A7F-2701-41BA-8542-0F12FCCF2D59}"
EndProject
Project("{FAE04EC0-301F-11D3-BF4B-00C04F79EFBC}") = "task07", "task07\task07.csproj", "{87759E7D-B4B6-4933-9329-4372CF4CB4B5}"
EndProject
Project("{FAE04EC0-301F-11D3-BF4B-00C04F79EFBC}") = "task07tests", "task07tests\task07tests.csproj", "{E783CAA9-32AF-4ED8-93CA-4562752B6C56}"
EndProject
Global
	GlobalSection(SolutionConfigurationPlatforms) = preSolution
		Debug|Any CPU = Debug|Any CPU
		Release|Any CPU = Release|Any CPU
	EndGlobalSection
	GlobalSection(ProjectConfigurationPlatforms) = postSolution
		{998B5E62-3BD7-41D6-864E-C73D7A26CC0A}.Debug|Any CPU.ActiveCfg = Debug|Any CPU
		{998B5E62-3BD7-41D6-864E-C73D7A26CC0A}.Debug|Any CPU.Build.0 = Debug|Any CPU
		{998B5E62-3BD7-41D6-864E-C73D7A26CC0A}.Release|Any CPU.ActiveCfg = Release|Any CPU
		{998B5E62-3BD7-41D6-864E-C73D7A26CC0A}.Release|Any CPU.Build.0 = Release|Any CPU
		{39C10A7F-2701-41BA-8542-0F12FCCF2D59}.Debug|Any CPU.ActiveCfg = Debug|Any CPU
		{39C10A7F-2701-41BA-8542-0F12FCCF2D59}.Debug|Any CPU.Build.0 = Debug|Any CPU
		{39C10A7F-2701-41BA-8542-0F12FCCF2D59}.Release|Any CPU.ActiveCfg = Release|Any CPU
		{39C10A7F-2701-41BA-8542-0F12FCCF2D59}.Release|Any CPU.Build.0 = Release|Any CPU
		{87759E7D-B4B6-4933-9329-4372CF4CB4B5}.Debug|Any CPU.ActiveCfg = Debug|Any CPU
		{87759E7D-B4B6-4933-9329-4372CF4CB4B5}.Debug|Any CPU.Build.0 = Debug|Any CPU
		{87759E7D-B4B6-4933-9329-4372CF4CB4B5}.Release|Any CPU.ActiveCfg = Release|Any CPU
		{87759E7D-B4B6-4933-9329-4372CF4CB4B5}.Release|Any CPU.Build.0 = Release|Any CPU
		{E783CAA9-32AF-4ED8-93CA-4562752B6C56}.Debug|Any CPU.ActiveCfg = Debug|Any CPU
		{E783CAA9-32AF-4ED8-93CA-4562752B6C56}.Debug|Any CPU.Build.0 = Debug|Any CPU
		{E783CAA9-32AF-4ED8-93CA-4562752B6C56}.Release|Any CPU.ActiveCfg = Release|Any CPU
		{E783CAA9-32AF-4ED8-93CA-4562752B6C56}.Release|Any CPU.Build.0 = Release|Any CPU
	EndGlobalSection
	GlobalSection(SolutionProperties) = preSolution
		HideSolutionNode = FALSE
	EndGlobalSection
	GlobalSection(ExtensibilityGlobals) = postSolution
		SolutionGuid = {725C86D8-996D-423E-A2AC-A9E0BE15DE4E}
	EndGlobalSection
EndGlobal
