
Microsoft Visual Studio Solution File, Format Version 12.00
# Visual Studio Version 17
VisualStudioVersion = 17.14.36121.58 d17.14
MinimumVisualStudioVersion = 10.0.40219.1
Project("{FAE04EC0-301F-11D3-BF4B-00C04F79EFBC}") = "task05", "task05\task05.csproj", "{BC3A3892-D176-4F49-B580-AAE1AB18B4DB}"
EndProject
Project("{FAE04EC0-301F-11D3-BF4B-00C04F79EFBC}") = "task05tests", "task05tests\task05tests.csproj", "{FC70B2DC-C97A-4AA2-934B-11C6BEEEAB7F}"
EndProject
Global
	GlobalSection(SolutionConfigurationPlatforms) = preSolution
		Debug|Any CPU = Debug|Any CPU
		Release|Any CPU = Release|Any CPU
	EndGlobalSection
	GlobalSection(ProjectConfigurationPlatforms) = postSolution
		{BC3A3892-D176-4F49-B580-AAE1AB18B4DB}.Debug|Any CPU.ActiveCfg = Debug|Any CPU
		{BC3A3892-D176-4F49-B580-AAE1AB18B4DB}.Debug|Any CPU.Build.0 = Debug|Any CPU
		{BC3A3892-D176-4F49-B580-AAE1AB18B4DB}.Release|Any CPU.ActiveCfg = Release|Any CPU
		{BC3A3892-D176-4F49-B580-AAE1AB18B4DB}.Release|Any CPU.Build.0 = Release|Any CPU
		{FC70B2DC-C97A-4AA2-934B-11C6BEEEAB7F}.Debug|Any CPU.ActiveCfg = Debug|Any CPU
		{FC70B2DC-C97A-4AA2-934B-11C6BEEEAB7F}.Debug|Any CPU.Build.0 = Debug|Any CPU
		{FC70B2DC-C97A-4AA2-934B-11C6BEEEAB7F}.Release|Any CPU.ActiveCfg = Release|Any CPU
		{FC70B2DC-C97A-4AA2-934B-11C6BEEEAB7F}.Release|Any CPU.Build.0 = Release|Any CPU
	EndGlobalSection
	GlobalSection(SolutionProperties) = preSolution
		HideSolutionNode = FALSE
	EndGlobalSection
	GlobalSection(ExtensibilityGlobals) = postSolution
		SolutionGuid = {CA3EACF9-AC2E-48C9-8CEB-EB29727A82DD}
	EndGlobalSection
EndGlobal
